{
  "name": "talks-modulo-1",
  "version": "1.0.0",
  "lockfileVersion": 3,
  "requires": true,
  "packages": {
    "": {
      "name": "talks-modulo-1",
      "version": "1.0.0",
      "license": "ISC",
      "dependencies": {
        "csv-generate": "^4.4.0",
        "csv-parse": "^5.5.4"
      }
    },
    "node_modules/csv-generate": {
      "version": "4.4.0",
      "resolved": "https://registry.npmjs.org/csv-generate/-/csv-generate-4.4.0.tgz",
      "integrity": "sha512-geM01acNPZ0wr4/9sKev5fCzFG/tsc/NbuFWrhLc47M1zQyUdEJH65+cxTLIVafEwhBjIYwQ7fdOL9roBqVltQ=="
    },
    "node_modules/csv-parse": {
      "version": "5.5.4",
      "resolved": "https://registry.npmjs.org/csv-parse/-/csv-parse-5.5.4.tgz",
      "integrity": "sha512-sPkvzL64UHoHZMj10z3r0RxwpjaY/vhM4vcAv+t+SDS6p9Joq8IFHe2TVUj4NDXy8l1Q7q8g/2ehtRTHmsU8ig=="
    }
  }
}
